lockfileVersion: 5.4

specifiers:
  lit: ^2.4.0

dependencies:
  lit: 2.4.0

packages:

  /@lit/reactive-element/1.4.1:
    resolution: {integrity: sha512-qDv4851VFSaBWzpS02cXHclo40jsbAjRXnebNXpm0uVg32kCneZPo9RYVQtrTNICtZ+1wAYHu1ZtxWSWMbKrBw==}
    dev: false

  /@types/trusted-types/2.0.2:
    resolution: {integrity: sha512-F5DIZ36YVLE+PN+Zwws4kJogq47hNgX3Nx6WyDJ3kcplxyke3XIzB8uK5n/Lpm1HBsbGzd6nmGehL8cPekP+Tg==}
    dev: false

  /lit-element/3.2.2:
    resolution: {integrity: sha512-6ZgxBR9KNroqKb6+htkyBwD90XGRiqKDHVrW/Eh0EZ+l+iC+u+v+w3/BA5NGi4nizAVHGYvQBHUDuSmLjPp7NQ==}
    dependencies:
      '@lit/reactive-element': 1.4.1
      lit-html: 2.4.0
    dev: false

  /lit-html/2.4.0:
    resolution: {integrity: sha512-G6qXu4JNUpY6aaF2VMfaszhO9hlWw0hOTRFDmuMheg/nDYGB+2RztUSOyrzALAbr8Nh0Y7qjhYkReh3rPnplVg==}
    dependencies:
      '@types/trusted-types': 2.0.2
    dev: false

  /lit/2.4.0:
    resolution: {integrity: sha512-fdgzxEtLrZFQU/BqTtxFQCLwlZd9bdat+ltzSFjvWkZrs7eBmeX0L5MHUMb3kYIkuS8Xlfnii/iI5klirF8/Xg==}
    dependencies:
      '@lit/reactive-element': 1.4.1
      lit-element: 3.2.2
      lit-html: 2.4.0
    dev: false
